
Microsoft Visual Studio Solution File, Format Version 12.00
# Visual Studio Version 17
VisualStudioVersion = 17.0.31903.59
MinimumVisualStudioVersion = 10.0.40219.1
Project("{FAE04EC0-301F-11D3-BF4B-00C04F79EFBC}") = "API", "API\API.csproj", "{B22D9EE5-C5E8-4061-812F-B7CCAD48558A}"
EndProject
Project("{FAE04EC0-301F-11D3-BF4B-00C04F79EFBC}") = "Application", "Application\Application.csproj", "{D00175BE-98E9-4DCE-9D94-FFC85C72418F}"
EndProject
Project("{FAE04EC0-301F-11D3-BF4B-00C04F79EFBC}") = "Domain", "Domain\Domain.csproj", "{BD0D3BE5-B9A4-43A1-8656-FFF6A54CF26E}"
EndProject
Project("{FAE04EC0-301F-11D3-BF4B-00C04F79EFBC}") = "Persistence", "Persistence\Persistence.csproj", "{0C8D7E3F-EA73-45A7-8529-8329FA62F4EE}"
EndProject
Global
	GlobalSection(SolutionConfigurationPlatforms) = preSolution
		Debug|Any CPU = Debug|Any CPU
		Release|Any CPU = Release|Any CPU
	EndGlobalSection
	GlobalSection(SolutionProperties) = preSolution
		HideSolutionNode = FALSE
	EndGlobalSection
	GlobalSection(ProjectConfigurationPlatforms) = postSolution
		{B22D9EE5-C5E8-4061-812F-B7CCAD48558A}.Debug|Any CPU.ActiveCfg = Debug|Any CPU
		{B22D9EE5-C5E8-4061-812F-B7CCAD48558A}.Debug|Any CPU.Build.0 = Debug|Any CPU
		{B22D9EE5-C5E8-4061-812F-B7CCAD48558A}.Release|Any CPU.ActiveCfg = Release|Any CPU
		{B22D9EE5-C5E8-4061-812F-B7CCAD48558A}.Release|Any CPU.Build.0 = Release|Any CPU
		{D00175BE-98E9-4DCE-9D94-FFC85C72418F}.Debug|Any CPU.ActiveCfg = Debug|Any CPU
		{D00175BE-98E9-4DCE-9D94-FFC85C72418F}.Debug|Any CPU.Build.0 = Debug|Any CPU
		{D00175BE-98E9-4DCE-9D94-FFC85C72418F}.Release|Any CPU.ActiveCfg = Release|Any CPU
		{D00175BE-98E9-4DCE-9D94-FFC85C72418F}.Release|Any CPU.Build.0 = Release|Any CPU
		{BD0D3BE5-B9A4-43A1-8656-FFF6A54CF26E}.Debug|Any CPU.ActiveCfg = Debug|Any CPU
		{BD0D3BE5-B9A4-43A1-8656-FFF6A54CF26E}.Debug|Any CPU.Build.0 = Debug|Any CPU
		{BD0D3BE5-B9A4-43A1-8656-FFF6A54CF26E}.Release|Any CPU.ActiveCfg = Release|Any CPU
		{BD0D3BE5-B9A4-43A1-8656-FFF6A54CF26E}.Release|Any CPU.Build.0 = Release|Any CPU
		{0C8D7E3F-EA73-45A7-8529-8329FA62F4EE}.Debug|Any CPU.ActiveCfg = Debug|Any CPU
		{0C8D7E3F-EA73-45A7-8529-8329FA62F4EE}.Debug|Any CPU.Build.0 = Debug|Any CPU
		{0C8D7E3F-EA73-45A7-8529-8329FA62F4EE}.Release|Any CPU.ActiveCfg = Release|Any CPU
		{0C8D7E3F-EA73-45A7-8529-8329FA62F4EE}.Release|Any CPU.Build.0 = Release|Any CPU
	EndGlobalSection
EndGlobal
